PODS:
  - ThinkingDataAnalyticsExtension (1.0.0):
    - ThinkingDataCore (>= 1.0.1)
  - ThinkingDataCore (1.0.2):
    - ThinkingDataCore/Main (= 1.0.2)
  - ThinkingDataCore/iOS (1.0.2)
  - ThinkingDataCore/Main (1.0.2):
    - ThinkingDataCore/iOS
    - ThinkingDataCore/OSX

DEPENDENCIES:
  - ThinkingDataAnalyticsExtension (from `../`)

SPEC REPOS:
  trunk:
    - ThinkingDataCore

EXTERNAL SOURCES:
  ThinkingDataAnalyticsExtension:
    :path: "../"

SPEC CHECKSUMS:
  ThinkingDataAnalyticsExtension: ded47bf26d7375d6b85afcb3d74e50966d20a475
  ThinkingDataCore: 381f642f0c17b5d75621bb068fffb78882569e9e

PODFILE CHECKSUM: 4a3077edc16a8e8dd3dfc679a338b3939d227f2e

COCOAPODS: 1.15.2
