PODS:
  - ThinkingDataAnalyticsExtension (1.0.0):
    - ThinkingDataCore (= 1.0.0)
  - ThinkingDataCore (1.0.0):
    - ThinkingDataCore/Main (= 1.0.0)
  - ThinkingDataCore/iOS (1.0.0)
  - ThinkingDataCore/Main (1.0.0):
    - ThinkingDataCore/iOS
    - ThinkingDataCore/OSX

DEPENDENCIES:
  - ThinkingDataAnalyticsExtension (from `../`)

SPEC REPOS:
  trunk:
    - ThinkingDataCore

EXTERNAL SOURCES:
  ThinkingDataAnalyticsExtension:
    :path: "../"

SPEC CHECKSUMS:
  ThinkingDataAnalyticsExtension: 44e983473af62e7dc96e987d53c91e82c97150c4
  ThinkingDataCore: bbddbbb34d9fcee5ba6d92886a11c91f2f25cdfa

PODFILE CHECKSUM: 7706fe64101c33701e7877a45bcc1dd48ce48b3f

COCOAPODS: 1.12.1
